
Microsoft Visual Studio Solution File, Format Version 12.00
# Visual Studio 15
VisualStudioVersion = 15.0.27428.2011
MinimumVisualStudioVersion = 10.0.40219.1
Project("{9A19103F-16F7-4668-BE54-9A1E7A4F7556}") = "Dottifier", "Dottifier\Dottifier.csproj", "{53C4074D-F898-4D8F-9600-28CF2C3BF4CF}"
EndProject
Project("{FAE04EC0-301F-11D3-BF4B-00C04F79EFBC}") = "DottifierTest", "DottifierTest\DottifierTest.csproj", "{AF806529-E618-45FD-A7DA-F42C95B595F9}"
	ProjectSection(ProjectDependencies) = postProject
		{53C4074D-F898-4D8F-9600-28CF2C3BF4CF} = {53C4074D-F898-4D8F-9600-28CF2C3BF4CF}
	EndProjectSection
EndProject
Global
	GlobalSection(SolutionConfigurationPlatforms) = preSolution
		Debug|Any CPU = Debug|Any CPU
		Release|Any CPU = Release|Any CPU
	EndGlobalSection
	GlobalSection(ProjectConfigurationPlatforms) = postSolution
		{53C4074D-F898-4D8F-9600-28CF2C3BF4CF}.Debug|Any CPU.ActiveCfg = Debug|Any CPU
		{53C4074D-F898-4D8F-9600-28CF2C3BF4CF}.Debug|Any CPU.Build.0 = Debug|Any CPU
		{53C4074D-F898-4D8F-9600-28CF2C3BF4CF}.Release|Any CPU.ActiveCfg = Release|Any CPU
		{53C4074D-F898-4D8F-9600-28CF2C3BF4CF}.Release|Any CPU.Build.0 = Release|Any CPU
		{AF806529-E618-45FD-A7DA-F42C95B595F9}.Debug|Any CPU.ActiveCfg = Debug|Any CPU
		{AF806529-E618-45FD-A7DA-F42C95B595F9}.Debug|Any CPU.Build.0 = Debug|Any CPU
		{AF806529-E618-45FD-A7DA-F42C95B595F9}.Release|Any CPU.ActiveCfg = Release|Any CPU
		{AF806529-E618-45FD-A7DA-F42C95B595F9}.Release|Any CPU.Build.0 = Release|Any CPU
	EndGlobalSection
	GlobalSection(SolutionProperties) = preSolution
		HideSolutionNode = FALSE
	EndGlobalSection
	GlobalSection(ExtensibilityGlobals) = postSolution
		SolutionGuid = {38911897-E112-453C-86D3-EE45B3360E74}
	EndGlobalSection
EndGlobal
